
Microsoft Visual Studio Solution File, Format Version 12.00
# Visual Studio Version 17
VisualStudioVersion = 17.9.34622.214
MinimumVisualStudioVersion = 10.0.40219.1
Project("{9A19103F-16F7-4668-BE54-9A1E7A4F7556}") = "API-CRUD", "API-CRUD.csproj", "{9FC66FFF-9A68-46EF-B561-F7F95FEB50B0}"
EndProject
Global
	GlobalSection(SolutionConfigurationPlatforms) = preSolution
		Debug|Any CPU = Debug|Any CPU
		Release|Any CPU = Release|Any CPU
	EndGlobalSection
	GlobalSection(ProjectConfigurationPlatforms) = postSolution
		{9FC66FFF-9A68-46EF-B561-F7F95FEB50B0}.Debug|Any CPU.ActiveCfg = Debug|Any CPU
		{9FC66FFF-9A68-46EF-B561-F7F95FEB50B0}.Debug|Any CPU.Build.0 = Debug|Any CPU
		{9FC66FFF-9A68-46EF-B561-F7F95FEB50B0}.Release|Any CPU.ActiveCfg = Release|Any CPU
		{9FC66FFF-9A68-46EF-B561-F7F95FEB50B0}.Release|Any CPU.Build.0 = Release|Any CPU
	EndGlobalSection
	GlobalSection(SolutionProperties) = preSolution
		HideSolutionNode = FALSE
	EndGlobalSection
	GlobalSection(ExtensibilityGlobals) = postSolution
		SolutionGuid = {4404DCBD-68AB-4227-BDAB-3E9B69561D65}
	EndGlobalSection
EndGlobal
